
Microsoft Visual Studio Solution File, Format Version 12.00
Project("{FAE04EC0-301F-11D3-BF4B-00C04F79EFBC}") = "GenerateGanttJSON", "GenerateGanttJSON\GenerateGanttJSON.csproj", "{3D1D7F28-3E20-4C85-9F1D-1CF016D17238}"
EndProject
Global
	GlobalSection(SolutionConfigurationPlatforms) = preSolution
		Debug|Any CPU = Debug|Any CPU
		Release|Any CPU = Release|Any CPU
	EndGlobalSection
	GlobalSection(ProjectConfigurationPlatforms) = postSolution
		{3D1D7F28-3E20-4C85-9F1D-1CF016D17238}.Debug|Any CPU.ActiveCfg = Debug|Any CPU
		{3D1D7F28-3E20-4C85-9F1D-1CF016D17238}.Debug|Any CPU.Build.0 = Debug|Any CPU
		{3D1D7F28-3E20-4C85-9F1D-1CF016D17238}.Release|Any CPU.ActiveCfg = Release|Any CPU
		{3D1D7F28-3E20-4C85-9F1D-1CF016D17238}.Release|Any CPU.Build.0 = Release|Any CPU
	EndGlobalSection
EndGlobal
